// !$*UTF8*$!
{
	archiveVersion = 1;
	classes = {
	};
	objectVersion = 56;
	objects = {

/* Begin PBXBuildFile section */
		D455341C29208FBC00073B7E /* CatsApp.swift in Sources */ = {isa = PBXBuildFile; fileRef = D455341B29208FBC00073B7E /* CatsApp.swift */; };
		D455342029208FBE00073B7E /* Assets.xcassets in Resources */ = {isa = PBXBuildFile; fileRef = D455341F29208FBE00073B7E /* Assets.xcassets */; };
		D455342329208FBE00073B7E /* Preview Assets.xcassets in Resources */ = {isa = PBXBuildFile; fileRef = D455342229208FBE00073B7E /* Preview Assets.xcassets */; };
		D455342A29208FDA00073B7E /* Request.swift in Sources */ = {isa = PBXBuildFile; fileRef = D455342929208FDA00073B7E /* Request.swift */; };
		D455342C2920900900073B7E /* Cats.swift in Sources */ = {isa = PBXBuildFile; fileRef = D455342B2920900900073B7E /* Cats.swift */; };
		D455342E292097C200073B7E /* CatsViewModel.swift in Sources */ = {isa = PBXBuildFile; fileRef = D455342D292097C200073B7E /* CatsViewModel.swift */; };
		D45534302920988E00073B7E /* CatsView.swift in Sources */ = {isa = PBXBuildFile; fileRef = D455342F2920988E00073B7E /* CatsView.swift */; };
		D455343729209D0E00073B7E /* CatsDetailedView.swift in Sources */ = {isa = PBXBuildFile; fileRef = D455343629209D0E00073B7E /* CatsDetailedView.swift */; };
/* End PBXBuildFile section */

/* Begin PBXFileReference section */
		D455341829208FBC00073B7E /* Cats.app */ = {isa = PBXFileReference; explicitFileType = wrapper.application; includeInIndex = 0; path = Cats.app; sourceTree = BUILT_PRODUCTS_DIR; };
		D455341B29208FBC00073B7E /* CatsApp.swift */ = {isa = PBXFileReference; lastKnownFileType = sourcecode.swift; path = CatsApp.swift; sourceTree = "<group>"; };
		D455341F29208FBE00073B7E /* Assets.xcassets */ = {isa = PBXFileReference; lastKnownFileType = folder.assetcatalog; path = Assets.xcassets; sourceTree = "<group>"; };
		D455342229208FBE00073B7E /* Preview Assets.xcassets */ = {isa = PBXFileReference; lastKnownFileType = folder.assetcatalog; path = "Preview Assets.xcassets"; sourceTree = "<group>"; };
		D455342929208FDA00073B7E /* Request.swift */ = {isa = PBXFileReference; lastKnownFileType = sourcecode.swift; path = Request.swift; sourceTree = "<group>"; };
		D455342B2920900900073B7E /* Cats.swift */ = {isa = PBXFileReference; lastKnownFileType = sourcecode.swift; path = Cats.swift; sourceTree = "<group>"; };
		D455342D292097C200073B7E /* CatsViewModel.swift */ = {isa = PBXFileReference; lastKnownFileType = sourcecode.swift; path = CatsViewModel.swift; sourceTree = "<group>"; };
		D455342F2920988E00073B7E /* CatsView.swift */ = {isa = PBXFileReference; lastKnownFileType = sourcecode.swift; path = CatsView.swift; sourceTree = "<group>"; };
		D455343629209D0E00073B7E /* CatsDetailedView.swift */ = {isa = PBXFileReference; lastKnownFileType = sourcecode.swift; path = CatsDetailedView.swift; sourceTree = "<group>"; };
/* End PBXFileReference section */

/* Begin PBXFrameworksBuildPhase section */
		D455341529208FBC00073B7E /* Frameworks */ = {
			isa = PBXFrameworksBuildPhase;
			buildActionMask = 2147483647;
			files = (
			);
			runOnlyForDeploymentPostprocessing = 0;
		};
/* End PBXFrameworksBuildPhase section */

/* Begin PBXGroup section */
		D455340F29208FBC00073B7E = {
			isa = PBXGroup;
			children = (
				D455341A29208FBC00073B7E /* Cats */,
				D455341929208FBC00073B7E /* Products */,
			);
			sourceTree = "<group>";
		};
		D455341929208FBC00073B7E /* Products */ = {
			isa = PBXGroup;
			children = (
				D455341829208FBC00073B7E /* Cats.app */,
			);
			name = Products;
			sourceTree = "<group>";
		};
		D455341A29208FBC00073B7E /* Cats */ = {
			isa = PBXGroup;
			children = (
				D455343229209A0E00073B7E /* Source */,
				D455341B29208FBC00073B7E /* CatsApp.swift */,
				D455341F29208FBE00073B7E /* Assets.xcassets */,
				D455342129208FBE00073B7E /* Preview Content */,
			);
			path = Cats;
			sourceTree = "<group>";
		};
		D455342129208FBE00073B7E /* Preview Content */ = {
			isa = PBXGroup;
			children = (
				D455342229208FBE00073B7E /* Preview Assets.xcassets */,
			);
			path = "Preview Content";
			sourceTree = "<group>";
		};
		D455343129209A0600073B7E /* Network */ = {
			isa = PBXGroup;
			children = (
				D455342929208FDA00073B7E /* Request.swift */,
			);
			path = Network;
			sourceTree = "<group>";
		};
		D455343229209A0E00073B7E /* Source */ = {
			isa = PBXGroup;
			children = (
				D455343329209A1C00073B7E /* Model */,
				D455343129209A0600073B7E /* Network */,
				D455343529209A3F00073B7E /* ViewModel */,
				D455343429209A3900073B7E /* View */,
			);
			path = Source;
			sourceTree = "<group>";
		};
		D455343329209A1C00073B7E /* Model */ = {
			isa = PBXGroup;
			children = (
				D455342B2920900900073B7E /* Cats.swift */,
			);
			path = Model;
			sourceTree = "<group>";
		};
		D455343429209A3900073B7E /* View */ = {
			isa = PBXGroup;
			children = (
				D455342F2920988E00073B7E /* CatsView.swift */,
				D455343629209D0E00073B7E /* CatsDetailedView.swift */,
			);
			path = View;
			sourceTree = "<group>";
		};
		D455343529209A3F00073B7E /* ViewModel */ = {
			isa = PBXGroup;
			children = (
				D455342D292097C200073B7E /* CatsViewModel.swift */,
			);
			path = ViewModel;
			sourceTree = "<group>";
		};
/* End PBXGroup section */

/* Begin PBXNativeTarget section */
		D455341729208FBC00073B7E /* Cats */ = {
			isa = PBXNativeTarget;
			buildConfigurationList = D455342629208FBE00073B7E /* Build configuration list for PBXNativeTarget "Cats" */;
			buildPhases = (
				D455341429208FBC00073B7E /* Sources */,
				D455341529208FBC00073B7E /* Frameworks */,
				D455341629208FBC00073B7E /* Resources */,
			);
			buildRules = (
			);
			dependencies = (
			);
			name = Cats;
			productName = Cats;
			productReference = D455341829208FBC00073B7E /* Cats.app */;
			productType = "com.apple.product-type.application";
		};
/* End PBXNativeTarget section */

/* Begin PBXProject section */
		D455341029208FBC00073B7E /* Project object */ = {
			isa = PBXProject;
			attributes = {
				BuildIndependentTargetsInParallel = 1;
				LastSwiftUpdateCheck = 1400;
				LastUpgradeCheck = 1400;
				TargetAttributes = {
					D455341729208FBC00073B7E = {
						CreatedOnToolsVersion = 14.0.1;
					};
				};
			};
			buildConfigurationList = D455341329208FBC00073B7E /* Build configuration list for PBXProject "Cats" */;
			compatibilityVersion = "Xcode 14.0";
			developmentRegion = en;
			hasScannedForEncodings = 0;
			knownRegions = (
				en,
				Base,
			);
			mainGroup = D455340F29208FBC00073B7E;
			productRefGroup = D455341929208FBC00073B7E /* Products */;
			projectDirPath = "";
			projectRoot = "";
			targets = (
				D455341729208FBC00073B7E /* Cats */,
			);
		};
/* End PBXProject section */

/* Begin PBXResourcesBuildPhase section */
		D455341629208FBC00073B7E /* Resources */ = {
			isa = PBXResourcesBuildPhase;
			buildActionMask = 2147483647;
			files = (
				D455342329208FBE00073B7E /* Preview Assets.xcassets in Resources */,
				D455342029208FBE00073B7E /* Assets.xcassets in Resources */,
			);
			runOnlyForDeploymentPostprocessing = 0;
		};
/* End PBXResourcesBuildPhase section */

/* Begin PBXSourcesBuildPhase section */
		D455341429208FBC00073B7E /* Sources */ = {
			isa = PBXSourcesBuildPhase;
			buildActionMask = 2147483647;
			files = (
				D455342A29208FDA00073B7E /* Request.swift in Sources */,
				D455343729209D0E00073B7E /* CatsDetailedView.swift in Sources */,
				D455342C2920900900073B7E /* Cats.swift in Sources */,
				D45534302920988E00073B7E /* CatsView.swift in Sources */,
				D455342E292097C200073B7E /* CatsViewModel.swift in Sources */,
				D455341C29208FBC00073B7E /* CatsApp.swift in Sources */,
			);
			runOnlyForDeploymentPostprocessing = 0;
		};
/* End PBXSourcesBuildPhase section */

/* Begin XCBuildConfiguration section */
		D455342429208FBE00073B7E /* Debug */ = {
			isa = XCBuildConfiguration;
			buildSettings = {
				ALWAYS_SEARCH_USER_PATHS = NO;
				CLANG_ANALYZER_NONNULL = YES;
				CLANG_ANALYZER_NUMBER_OBJECT_CONVERSION = YES_AGGRESSIVE;
				CLANG_CXX_LANGUAGE_STANDARD = "gnu++20";
				CLANG_ENABLE_MODULES = YES;
				CLANG_ENABLE_OBJC_ARC = YES;
				CLANG_ENABLE_OBJC_WEAK = YES;
				CLANG_WARN_BLOCK_CAPTURE_AUTORELEASING = YES;
				CLANG_WARN_BOOL_CONVERSION = YES;
				CLANG_WARN_COMMA = YES;
				CLANG_WARN_CONSTANT_CONVERSION = YES;
				CLANG_WARN_DEPRECATED_OBJC_IMPLEMENTATIONS = YES;
				CLANG_WARN_DIRECT_OBJC_ISA_USAGE = YES_ERROR;
				CLANG_WARN_DOCUMENTATION_COMMENTS = YES;
				CLANG_WARN_EMPTY_BODY = YES;
				CLANG_WARN_ENUM_CONVERSION = YES;
				CLANG_WARN_INFINITE_RECURSION = YES;
				CLANG_WARN_INT_CONVERSION = YES;
				CLANG_WARN_NON_LITERAL_NULL_CONVERSION = YES;
				CLANG_WARN_OBJC_IMPLICIT_RETAIN_SELF = YES;
				CLANG_WARN_OBJC_LITERAL_CONVERSION = YES;
				CLANG_WARN_OBJC_ROOT_CLASS = YES_ERROR;
				CLANG_WARN_QUOTED_INCLUDE_IN_FRAMEWORK_HEADER = YES;
				CLANG_WARN_RANGE_LOOP_ANALYSIS = YES;
				CLANG_WARN_STRICT_PROTOTYPES = YES;
				CLANG_WARN_SUSPICIOUS_MOVE = YES;
				CLANG_WARN_UNGUARDED_AVAILABILITY = YES_AGGRESSIVE;
				CLANG_WARN_UNREACHABLE_CODE = YES;
				CLANG_WARN__DUPLICATE_METHOD_MATCH = YES;
				COPY_PHASE_STRIP = NO;
				DEBUG_INFORMATION_FORMAT = dwarf;
				ENABLE_STRICT_OBJC_MSGSEND = YES;
				ENABLE_TESTABILITY = YES;
				GCC_C_LANGUAGE_STANDARD = gnu11;
				GCC_DYNAMIC_NO_PIC = NO;
				GCC_NO_COMMON_BLOCKS = YES;
				GCC_OPTIMIZATION_LEVEL = 0;
				GCC_PREPROCESSOR_DEFINITIONS = (
					"DEBUG=1",
					"$(inherited)",
				);
				GCC_WARN_64_TO_32_BIT_CONVERSION = YES;
				GCC_WARN_ABOUT_RETURN_TYPE = YES_ERROR;
				GCC_WARN_UNDECLARED_SELECTOR = YES;
				GCC_WARN_UNINITIALIZED_AUTOS = YES_AGGRESSIVE;
				GCC_WARN_UNUSED_FUNCTION = YES;
				GCC_WARN_UNUSED_VARIABLE = YES;
				IPHONEOS_DEPLOYMENT_TARGET = 16.0;
				MTL_ENABLE_DEBUG_INFO = INCLUDE_SOURCE;
				MTL_FAST_MATH = YES;
				ONLY_ACTIVE_ARCH = YES;
				SDKROOT = iphoneos;
				SWIFT_ACTIVE_COMPILATION_CONDITIONS = DEBUG;
				SWIFT_OPTIMIZATION_LEVEL = "-Onone";
			};
			name = Debug;
		};
		D455342529208FBE00073B7E /* Release */ = {
			isa = XCBuildConfiguration;
			buildSettings = {
				ALWAYS_SEARCH_USER_PATHS = NO;
				CLANG_ANALYZER_NONNULL = YES;
				CLANG_ANALYZER_NUMBER_OBJECT_CONVERSION = YES_AGGRESSIVE;
				CLANG_CXX_LANGUAGE_STANDARD = "gnu++20";
				CLANG_ENABLE_MODULES = YES;
				CLANG_ENABLE_OBJC_ARC = YES;
				CLANG_ENABLE_OBJC_WEAK = YES;
				CLANG_WARN_BLOCK_CAPTURE_AUTORELEASING = YES;
				CLANG_WARN_BOOL_CONVERSION = YES;
				CLANG_WARN_COMMA = YES;
				CLANG_WARN_CONSTANT_CONVERSION = YES;
				CLANG_WARN_DEPRECATED_OBJC_IMPLEMENTATIONS = YES;
				CLANG_WARN_DIRECT_OBJC_ISA_USAGE = YES_ERROR;
				CLANG_WARN_DOCUMENTATION_COMMENTS = YES;
				CLANG_WARN_EMPTY_BODY = YES;
				CLANG_WARN_ENUM_CONVERSION = YES;
				CLANG_WARN_INFINITE_RECURSION = YES;
				CLANG_WARN_INT_CONVERSION = YES;
				CLANG_WARN_NON_LITERAL_NULL_CONVERSION = YES;
				CLANG_WARN_OBJC_IMPLICIT_RETAIN_SELF = YES;
				CLANG_WARN_OBJC_LITERAL_CONVERSION = YES;
				CLANG_WARN_OBJC_ROOT_CLASS = YES_ERROR;
				CLANG_WARN_QUOTED_INCLUDE_IN_FRAMEWORK_HEADER = YES;
				CLANG_WARN_RANGE_LOOP_ANALYSIS = YES;
				CLANG_WARN_STRICT_PROTOTYPES = YES;
				CLANG_WARN_SUSPICIOUS_MOVE = YES;
				CLANG_WARN_UNGUARDED_AVAILABILITY = YES_AGGRESSIVE;
				CLANG_WARN_UNREACHABLE_CODE = YES;
				CLANG_WARN__DUPLICATE_METHOD_MATCH = YES;
				COPY_PHASE_STRIP = NO;
				DEBUG_INFORMATION_FORMAT = "dwarf-with-dsym";
				ENABLE_NS_ASSERTIONS = NO;
				ENABLE_STRICT_OBJC_MSGSEND = YES;
				GCC_C_LANGUAGE_STANDARD = gnu11;
				GCC_NO_COMMON_BLOCKS = YES;
				GCC_WARN_64_TO_32_BIT_CONVERSION = YES;
				GCC_WARN_ABOUT_RETURN_TYPE = YES_ERROR;
				GCC_WARN_UNDECLARED_SELECTOR = YES;
				GCC_WARN_UNINITIALIZED_AUTOS = YES_AGGRESSIVE;
				GCC_WARN_UNUSED_FUNCTION = YES;
				GCC_WARN_UNUSED_VARIABLE = YES;
				IPHONEOS_DEPLOYMENT_TARGET = 16.0;
				MTL_ENABLE_DEBUG_INFO = NO;
				MTL_FAST_MATH = YES;
				SDKROOT = iphoneos;
				SWIFT_COMPILATION_MODE = wholemodule;
				SWIFT_OPTIMIZATION_LEVEL = "-O";
				VALIDATE_PRODUCT = YES;
			};
			name = Release;
		};
		D455342729208FBE00073B7E /* Debug */ = {
			isa = XCBuildConfiguration;
			buildSettings = {
				ASSETCATALOG_COMPILER_APPICON_NAME = AppIcon;
				ASSETCATALOG_COMPILER_GLOBAL_ACCENT_COLOR_NAME = AccentColor;
				CODE_SIGN_STYLE = Automatic;
				CURRENT_PROJECT_VERSION = 1;
				DEVELOPMENT_ASSET_PATHS = "\"Cats/Preview Content\"";
				DEVELOPMENT_TEAM = 84T4K3LZ9W;
				ENABLE_PREVIEWS = YES;
				GENERATE_INFOPLIST_FILE = YES;
				INFOPLIST_KEY_UIApplicationSceneManifest_Generation = YES;
				INFOPLIST_KEY_UIApplicationSupportsIndirectInputEvents = YES;
				INFOPLIST_KEY_UILaunchScreen_Generation = YES;
				INFOPLIST_KEY_UISupportedInterfaceOrientations_iPad = "UIInterfaceOrientationPortrait UIInterfaceOrientationPortraitUpsideDown UIInterfaceOrientationLandscapeLeft UIInterfaceOrientationLandscapeRight";
				INFOPLIST_KEY_UISupportedInterfaceOrientations_iPhone = "UIInterfaceOrientationPortrait UIInterfaceOrientationLandscapeLeft UIInterfaceOrientationLandscapeRight";
				LD_RUNPATH_SEARCH_PATHS = (
					"$(inherited)",
					"@executable_path/Frameworks",
				);
				MARKETING_VERSION = 1.0;
				PRODUCT_BUNDLE_IDENTIFIER = com.youtelli.Cats;
				PRODUCT_NAME = "$(TARGET_NAME)";
				SWIFT_EMIT_LOC_STRINGS = YES;
				SWIFT_VERSION = 5.0;
				TARGETED_DEVICE_FAMILY = "1,2";
			};
			name = Debug;
		};
		D455342829208FBE00073B7E /* Release */ = {
			isa = XCBuildConfiguration;
			buildSettings = {
				ASSETCATALOG_COMPILER_APPICON_NAME = AppIcon;
				ASSETCATALOG_COMPILER_GLOBAL_ACCENT_COLOR_NAME = AccentColor;
				CODE_SIGN_STYLE = Automatic;
				CURRENT_PROJECT_VERSION = 1;
				DEVELOPMENT_ASSET_PATHS = "\"Cats/Preview Content\"";
				DEVELOPMENT_TEAM = 84T4K3LZ9W;
				ENABLE_PREVIEWS = YES;
				GENERATE_INFOPLIST_FILE = YES;
				INFOPLIST_KEY_UIApplicationSceneManifest_Generation = YES;
				INFOPLIST_KEY_UIApplicationSupportsIndirectInputEvents = YES;
				INFOPLIST_KEY_UILaunchScreen_Generation = YES;
				INFOPLIST_KEY_UISupportedInterfaceOrientations_iPad = "UIInterfaceOrientationPortrait UIInterfaceOrientationPortraitUpsideDown UIInterfaceOrientationLandscapeLeft UIInterfaceOrientationLandscapeRight";
				INFOPLIST_KEY_UISupportedInterfaceOrientations_iPhone = "UIInterfaceOrientationPortrait UIInterfaceOrientationLandscapeLeft UIInterfaceOrientationLandscapeRight";
				LD_RUNPATH_SEARCH_PATHS = (
					"$(inherited)",
					"@executable_path/Frameworks",
				);
				MARKETING_VERSION = 1.0;
				PRODUCT_BUNDLE_IDENTIFIER = com.youtelli.Cats;
				PRODUCT_NAME = "$(TARGET_NAME)";
				SWIFT_EMIT_LOC_STRINGS = YES;
				SWIFT_VERSION = 5.0;
				TARGETED_DEVICE_FAMILY = "1,2";
			};
			name = Release;
		};
/* End XCBuildConfiguration section */

/* Begin XCConfigurationList section */
		D455341329208FBC00073B7E /* Build configuration list for PBXProject "Cats" */ = {
			isa = XCConfigurationList;
			buildConfigurations = (
				D455342429208FBE00073B7E /* Debug */,
				D455342529208FBE00073B7E /* Release */,
			);
			defaultConfigurationIsVisible = 0;
			defaultConfigurationName = Release;
		};
		D455342629208FBE00073B7E /* Build configuration list for PBXNativeTarget "Cats" */ = {
			isa = XCConfigurationList;
			buildConfigurations = (
				D455342729208FBE00073B7E /* Debug */,
				D455342829208FBE00073B7E /* Release */,
			);
			defaultConfigurationIsVisible = 0;
			defaultConfigurationName = Release;
		};
/* End XCConfigurationList section */
	};
	rootObject = D455341029208FBC00073B7E /* Project object */;
}
